// !$*UTF8*$!
{
	archiveVersion = 1;
	classes = {
	};
	objectVersion = 55;
	objects = {

/* Begin PBXBuildFile section */
		EF06A3FC2990EFFA003A35D6 /* SnapKit in Frameworks */ = {isa = PBXBuildFile; productRef = EF06A3FB2990EFFA003A35D6 /* SnapKit */; };
		EF67BA73292B885F00CCB864 /* AppDelegate.swift in Sources */ = {isa = PBXBuildFile; fileRef = EF67BA72292B885F00CCB864 /* AppDelegate.swift */; };
		EF67BA75292B885F00CCB864 /* SceneDelegate.swift in Sources */ = {isa = PBXBuildFile; fileRef = EF67BA74292B885F00CCB864 /* SceneDelegate.swift */; };
		EF67BA77292B885F00CCB864 /* MainTabBarController.swift in Sources */ = {isa = PBXBuildFile; fileRef = EF67BA76292B885F00CCB864 /* MainTabBarController.swift */; };
		EF67BA7C292B886000CCB864 /* Assets.xcassets in Resources */ = {isa = PBXBuildFile; fileRef = EF67BA7B292B886000CCB864 /* Assets.xcassets */; };
		EF67BA7F292B886000CCB864 /* LaunchScreen.storyboard in Resources */ = {isa = PBXBuildFile; fileRef = EF67BA7D292B886000CCB864 /* LaunchScreen.storyboard */; };
		EF67BA88292BA19900CCB864 /* HomeViewController.swift in Sources */ = {isa = PBXBuildFile; fileRef = EF67BA87292BA19900CCB864 /* HomeViewController.swift */; };
		EF67BA8A292BA20B00CCB864 /* UpcomingViewController.swift in Sources */ = {isa = PBXBuildFile; fileRef = EF67BA89292BA20B00CCB864 /* UpcomingViewController.swift */; };
		EF67BA8C292BA21200CCB864 /* SearchViewController.swift in Sources */ = {isa = PBXBuildFile; fileRef = EF67BA8B292BA21200CCB864 /* SearchViewController.swift */; };
		EF67BA8E292BA21B00CCB864 /* DownloadsViewController.swift in Sources */ = {isa = PBXBuildFile; fileRef = EF67BA8D292BA21B00CCB864 /* DownloadsViewController.swift */; };
		EF9770DA29E695C400BAB5E5 /* DownloadsViews.swift in Sources */ = {isa = PBXBuildFile; fileRef = EF9770D929E695C400BAB5E5 /* DownloadsViews.swift */; };
		EFCF87F4292F9CFF006A31A3 /* HeroHeaderView.swift in Sources */ = {isa = PBXBuildFile; fileRef = EFCF87F3292F9CFF006A31A3 /* HeroHeaderView.swift */; };
		EFE1686A29E69D3600842F0B /* DiscountCellTableViewCell.xib in Resources */ = {isa = PBXBuildFile; fileRef = EFE1686829E69D3600842F0B /* DiscountCellTableViewCell.xib */; };
		EFE1686B29E69D3600842F0B /* DiscountCellTableViewCell.swift in Sources */ = {isa = PBXBuildFile; fileRef = EFE1686929E69D3600842F0B /* DiscountCellTableViewCell.swift */; };
		EFE1687029E6A2B900842F0B /* MealsTableViewCell.swift in Sources */ = {isa = PBXBuildFile; fileRef = EFE1686E29E6A2B900842F0B /* MealsTableViewCell.swift */; };
		EFE1687129E6A2B900842F0B /* MealsTableViewCell.xib in Resources */ = {isa = PBXBuildFile; fileRef = EFE1686F29E6A2B900842F0B /* MealsTableViewCell.xib */; };
		EFE1687429E6A2E100842F0B /* ChefsTableViewCell.swift in Sources */ = {isa = PBXBuildFile; fileRef = EFE1687229E6A2E100842F0B /* ChefsTableViewCell.swift */; };
		EFE1687529E6A2E100842F0B /* ChefsTableViewCell.xib in Resources */ = {isa = PBXBuildFile; fileRef = EFE1687329E6A2E100842F0B /* ChefsTableViewCell.xib */; };
		EFEFC059292CE5860085D8B7 /* CollectionViewTableViewCell.swift in Sources */ = {isa = PBXBuildFile; fileRef = EFEFC058292CE5860085D8B7 /* CollectionViewTableViewCell.swift */; };
/* End PBXBuildFile section */

/* Begin PBXFileReference section */
		EF67BA6F292B885F00CCB864 /* uiElements.app */ = {isa = PBXFileReference; explicitFileType = wrapper.application; includeInIndex = 0; path = uiElements.app; sourceTree = BUILT_PRODUCTS_DIR; };
		EF67BA72292B885F00CCB864 /* AppDelegate.swift */ = {isa = PBXFileReference; lastKnownFileType = sourcecode.swift; path = AppDelegate.swift; sourceTree = "<group>"; };
		EF67BA74292B885F00CCB864 /* SceneDelegate.swift */ = {isa = PBXFileReference; lastKnownFileType = sourcecode.swift; path = SceneDelegate.swift; sourceTree = "<group>"; };
		EF67BA76292B885F00CCB864 /* MainTabBarController.swift */ = {isa = PBXFileReference; lastKnownFileType = sourcecode.swift; path = MainTabBarController.swift; sourceTree = "<group>"; };
		EF67BA7B292B886000CCB864 /* Assets.xcassets */ = {isa = PBXFileReference; lastKnownFileType = folder.assetcatalog; path = Assets.xcassets; sourceTree = "<group>"; };
		EF67BA7E292B886000CCB864 /* Base */ = {isa = PBXFileReference; lastKnownFileType = file.storyboard; name = Base; path = Base.lproj/LaunchScreen.storyboard; sourceTree = "<group>"; };
		EF67BA80292B886000CCB864 /* Info.plist */ = {isa = PBXFileReference; lastKnownFileType = text.plist.xml; path = Info.plist; sourceTree = "<group>"; };
		EF67BA87292BA19900CCB864 /* HomeViewController.swift */ = {isa = PBXFileReference; lastKnownFileType = sourcecode.swift; path = HomeViewController.swift; sourceTree = "<group>"; };
		EF67BA89292BA20B00CCB864 /* UpcomingViewController.swift */ = {isa = PBXFileReference; lastKnownFileType = sourcecode.swift; path = UpcomingViewController.swift; sourceTree = "<group>"; };
		EF67BA8B292BA21200CCB864 /* SearchViewController.swift */ = {isa = PBXFileReference; lastKnownFileType = sourcecode.swift; path = SearchViewController.swift; sourceTree = "<group>"; };
		EF67BA8D292BA21B00CCB864 /* DownloadsViewController.swift */ = {isa = PBXFileReference; lastKnownFileType = sourcecode.swift; path = DownloadsViewController.swift; sourceTree = "<group>"; };
		EF9770D929E695C400BAB5E5 /* DownloadsViews.swift */ = {isa = PBXFileReference; lastKnownFileType = sourcecode.swift; path = DownloadsViews.swift; sourceTree = "<group>"; };
		EFCF87F3292F9CFF006A31A3 /* HeroHeaderView.swift */ = {isa = PBXFileReference; lastKnownFileType = sourcecode.swift; path = HeroHeaderView.swift; sourceTree = "<group>"; };
		EFE1686829E69D3600842F0B /* DiscountCellTableViewCell.xib */ = {isa = PBXFileReference; fileEncoding = 4; lastKnownFileType = file.xib; path = DiscountCellTableViewCell.xib; sourceTree = "<group>"; };
		EFE1686929E69D3600842F0B /* DiscountCellTableViewCell.swift */ = {isa = PBXFileReference; fileEncoding = 4; lastKnownFileType = sourcecode.swift; path = DiscountCellTableViewCell.swift; sourceTree = "<group>"; };
		EFE1686E29E6A2B900842F0B /* MealsTableViewCell.swift */ = {isa = PBXFileReference; lastKnownFileType = sourcecode.swift; path = MealsTableViewCell.swift; sourceTree = "<group>"; };
		EFE1686F29E6A2B900842F0B /* MealsTableViewCell.xib */ = {isa = PBXFileReference; lastKnownFileType = file.xib; path = MealsTableViewCell.xib; sourceTree = "<group>"; };
		EFE1687229E6A2E100842F0B /* ChefsTableViewCell.swift */ = {isa = PBXFileReference; lastKnownFileType = sourcecode.swift; path = ChefsTableViewCell.swift; sourceTree = "<group>"; };
		EFE1687329E6A2E100842F0B /* ChefsTableViewCell.xib */ = {isa = PBXFileReference; lastKnownFileType = file.xib; path = ChefsTableViewCell.xib; sourceTree = "<group>"; };
		EFEFC058292CE5860085D8B7 /* CollectionViewTableViewCell.swift */ = {isa = PBXFileReference; lastKnownFileType = sourcecode.swift; path = CollectionViewTableViewCell.swift; sourceTree = "<group>"; };
/* End PBXFileReference section */

/* Begin PBXFrameworksBuildPhase section */
		EF67BA6C292B885F00CCB864 /* Frameworks */ = {
			isa = PBXFrameworksBuildPhase;
			buildActionMask = 2147483647;
			files = (
				EF06A3FC2990EFFA003A35D6 /* SnapKit in Frameworks */,
			);
			runOnlyForDeploymentPostprocessing = 0;
		};
/* End PBXFrameworksBuildPhase section */

/* Begin PBXGroup section */
		EF67BA66292B885F00CCB864 = {
			isa = PBXGroup;
			children = (
				EF67BA71292B885F00CCB864 /* uiElements */,
				EF67BA70292B885F00CCB864 /* Products */,
			);
			sourceTree = "<group>";
		};
		EF67BA70292B885F00CCB864 /* Products */ = {
			isa = PBXGroup;
			children = (
				EF67BA6F292B885F00CCB864 /* uiElements.app */,
			);
			name = Products;
			sourceTree = "<group>";
		};
		EF67BA71292B885F00CCB864 /* uiElements */ = {
			isa = PBXGroup;
			children = (
				EFEFC053292CE5220085D8B7 /* Views */,
				EF67BA86292BA18800CCB864 /* Controllers */,
				EF67BA72292B885F00CCB864 /* AppDelegate.swift */,
				EF67BA74292B885F00CCB864 /* SceneDelegate.swift */,
				EF67BA76292B885F00CCB864 /* MainTabBarController.swift */,
				EF67BA7B292B886000CCB864 /* Assets.xcassets */,
				EF67BA7D292B886000CCB864 /* LaunchScreen.storyboard */,
				EF67BA80292B886000CCB864 /* Info.plist */,
			);
			path = uiElements;
			sourceTree = "<group>";
		};
		EF67BA86292BA18800CCB864 /* Controllers */ = {
			isa = PBXGroup;
			children = (
				EF67BA87292BA19900CCB864 /* HomeViewController.swift */,
				EF67BA89292BA20B00CCB864 /* UpcomingViewController.swift */,
				EF67BA8B292BA21200CCB864 /* SearchViewController.swift */,
				EF67BA8D292BA21B00CCB864 /* DownloadsViewController.swift */,
				EF9770DB29E69B5400BAB5E5 /* SearchCells */,
				EF9770D929E695C400BAB5E5 /* DownloadsViews.swift */,
			);
			path = Controllers;
			sourceTree = "<group>";
		};
		EF9770DB29E69B5400BAB5E5 /* SearchCells */ = {
			isa = PBXGroup;
			children = (
				EF9770E429E69CE600BAB5E5 /* DiscountCells */,
				EFE1686C29E6A28E00842F0B /* MealsCells */,
				EFE1686D29E6A29900842F0B /* ChefCells */,
			);
			path = SearchCells;
			sourceTree = "<group>";
		};
		EF9770E429E69CE600BAB5E5 /* DiscountCells */ = {
			isa = PBXGroup;
			children = (
				EFE1686929E69D3600842F0B /* DiscountCellTableViewCell.swift */,
				EFE1686829E69D3600842F0B /* DiscountCellTableViewCell.xib */,
			);
			path = DiscountCells;
			sourceTree = "<group>";
		};
		EFE1686C29E6A28E00842F0B /* MealsCells */ = {
			isa = PBXGroup;
			children = (
				EFE1686E29E6A2B900842F0B /* MealsTableViewCell.swift */,
				EFE1686F29E6A2B900842F0B /* MealsTableViewCell.xib */,
			);
			path = MealsCells;
			sourceTree = "<group>";
		};
		EFE1686D29E6A29900842F0B /* ChefCells */ = {
			isa = PBXGroup;
			children = (
				EFE1687229E6A2E100842F0B /* ChefsTableViewCell.swift */,
				EFE1687329E6A2E100842F0B /* ChefsTableViewCell.xib */,
			);
			path = ChefCells;
			sourceTree = "<group>";
		};
		EFEFC053292CE5220085D8B7 /* Views */ = {
			isa = PBXGroup;
			children = (
				EFEFC058292CE5860085D8B7 /* CollectionViewTableViewCell.swift */,
				EFCF87F3292F9CFF006A31A3 /* HeroHeaderView.swift */,
			);
			path = Views;
			sourceTree = "<group>";
		};
/* End PBXGroup section */

/* Begin PBXNativeTarget section */
		EF67BA6E292B885F00CCB864 /* uiElements */ = {
			isa = PBXNativeTarget;
			buildConfigurationList = EF67BA83292B886000CCB864 /* Build configuration list for PBXNativeTarget "uiElements" */;
			buildPhases = (
				EF67BA6B292B885F00CCB864 /* Sources */,
				EF67BA6C292B885F00CCB864 /* Frameworks */,
				EF67BA6D292B885F00CCB864 /* Resources */,
			);
			buildRules = (
			);
			dependencies = (
			);
			name = uiElements;
			packageProductDependencies = (
				EF06A3FB2990EFFA003A35D6 /* SnapKit */,
			);
			productName = uiElements;
			productReference = EF67BA6F292B885F00CCB864 /* uiElements.app */;
			productType = "com.apple.product-type.application";
		};
/* End PBXNativeTarget section */

/* Begin PBXProject section */
		EF67BA67292B885F00CCB864 /* Project object */ = {
			isa = PBXProject;
			attributes = {
				BuildIndependentTargetsInParallel = 1;
				LastSwiftUpdateCheck = 1400;
				LastUpgradeCheck = 1400;
				TargetAttributes = {
					EF67BA6E292B885F00CCB864 = {
						CreatedOnToolsVersion = 14.0;
					};
				};
			};
			buildConfigurationList = EF67BA6A292B885F00CCB864 /* Build configuration list for PBXProject "uiElements" */;
			compatibilityVersion = "Xcode 13.0";
			developmentRegion = en;
			hasScannedForEncodings = 0;
			knownRegions = (
				en,
				Base,
			);
			mainGroup = EF67BA66292B885F00CCB864;
			packageReferences = (
				EF06A3FA2990EFFA003A35D6 /* XCRemoteSwiftPackageReference "SnapKit" */,
			);
			productRefGroup = EF67BA70292B885F00CCB864 /* Products */;
			projectDirPath = "";
			projectRoot = "";
			targets = (
				EF67BA6E292B885F00CCB864 /* uiElements */,
			);
		};
/* End PBXProject section */

/* Begin PBXResourcesBuildPhase section */
		EF67BA6D292B885F00CCB864 /* Resources */ = {
			isa = PBXResourcesBuildPhase;
			buildActionMask = 2147483647;
			files = (
				EFE1687129E6A2B900842F0B /* MealsTableViewCell.xib in Resources */,
				EF67BA7F292B886000CCB864 /* LaunchScreen.storyboard in Resources */,
				EF67BA7C292B886000CCB864 /* Assets.xcassets in Resources */,
				EFE1687529E6A2E100842F0B /* ChefsTableViewCell.xib in Resources */,
				EFE1686A29E69D3600842F0B /* DiscountCellTableViewCell.xib in Resources */,
			);
			runOnlyForDeploymentPostprocessing = 0;
		};
/* End PBXResourcesBuildPhase section */

/* Begin PBXSourcesBuildPhase section */
		EF67BA6B292B885F00CCB864 /* Sources */ = {
			isa = PBXSourcesBuildPhase;
			buildActionMask = 2147483647;
			files = (
				EF67BA8C292BA21200CCB864 /* SearchViewController.swift in Sources */,
				EF67BA77292B885F00CCB864 /* MainTabBarController.swift in Sources */,
				EFEFC059292CE5860085D8B7 /* CollectionViewTableViewCell.swift in Sources */,
				EF67BA73292B885F00CCB864 /* AppDelegate.swift in Sources */,
				EFE1686B29E69D3600842F0B /* DiscountCellTableViewCell.swift in Sources */,
				EF9770DA29E695C400BAB5E5 /* DownloadsViews.swift in Sources */,
				EFE1687429E6A2E100842F0B /* ChefsTableViewCell.swift in Sources */,
				EFCF87F4292F9CFF006A31A3 /* HeroHeaderView.swift in Sources */,
				EF67BA8E292BA21B00CCB864 /* DownloadsViewController.swift in Sources */,
				EFE1687029E6A2B900842F0B /* MealsTableViewCell.swift in Sources */,
				EF67BA75292B885F00CCB864 /* SceneDelegate.swift in Sources */,
				EF67BA8A292BA20B00CCB864 /* UpcomingViewController.swift in Sources */,
				EF67BA88292BA19900CCB864 /* HomeViewController.swift in Sources */,
			);
			runOnlyForDeploymentPostprocessing = 0;
		};
/* End PBXSourcesBuildPhase section */

/* Begin PBXVariantGroup section */
		EF67BA7D292B886000CCB864 /* LaunchScreen.storyboard */ = {
			isa = PBXVariantGroup;
			children = (
				EF67BA7E292B886000CCB864 /* Base */,
			);
			name = LaunchScreen.storyboard;
			sourceTree = "<group>";
		};
/* End PBXVariantGroup section */

/* Begin XCBuildConfiguration section */
		EF67BA81292B886000CCB864 /* Debug */ = {
			isa = XCBuildConfiguration;
			buildSettings = {
				ALWAYS_SEARCH_USER_PATHS = NO;
				CLANG_ANALYZER_NONNULL = YES;
				CLANG_ANALYZER_NUMBER_OBJECT_CONVERSION = YES_AGGRESSIVE;
				CLANG_CXX_LANGUAGE_STANDARD = "gnu++20";
				CLANG_ENABLE_MODULES = YES;
				CLANG_ENABLE_OBJC_ARC = YES;
				CLANG_ENABLE_OBJC_WEAK = YES;
				CLANG_WARN_BLOCK_CAPTURE_AUTORELEASING = YES;
				CLANG_WARN_BOOL_CONVERSION = YES;
				CLANG_WARN_COMMA = YES;
				CLANG_WARN_CONSTANT_CONVERSION = YES;
				CLANG_WARN_DEPRECATED_OBJC_IMPLEMENTATIONS = YES;
				CLANG_WARN_DIRECT_OBJC_ISA_USAGE = YES_ERROR;
				CLANG_WARN_DOCUMENTATION_COMMENTS = YES;
				CLANG_WARN_EMPTY_BODY = YES;
				CLANG_WARN_ENUM_CONVERSION = YES;
				CLANG_WARN_INFINITE_RECURSION = YES;
				CLANG_WARN_INT_CONVERSION = YES;
				CLANG_WARN_NON_LITERAL_NULL_CONVERSION = YES;
				CLANG_WARN_OBJC_IMPLICIT_RETAIN_SELF = YES;
				CLANG_WARN_OBJC_LITERAL_CONVERSION = YES;
				CLANG_WARN_OBJC_ROOT_CLASS = YES_ERROR;
				CLANG_WARN_QUOTED_INCLUDE_IN_FRAMEWORK_HEADER = YES;
				CLANG_WARN_RANGE_LOOP_ANALYSIS = YES;
				CLANG_WARN_STRICT_PROTOTYPES = YES;
				CLANG_WARN_SUSPICIOUS_MOVE = YES;
				CLANG_WARN_UNGUARDED_AVAILABILITY = YES_AGGRESSIVE;
				CLANG_WARN_UNREACHABLE_CODE = YES;
				CLANG_WARN__DUPLICATE_METHOD_MATCH = YES;
				COPY_PHASE_STRIP = NO;
				DEBUG_INFORMATION_FORMAT = dwarf;
				ENABLE_STRICT_OBJC_MSGSEND = YES;
				ENABLE_TESTABILITY = YES;
				GCC_C_LANGUAGE_STANDARD = gnu11;
				GCC_DYNAMIC_NO_PIC = NO;
				GCC_NO_COMMON_BLOCKS = YES;
				GCC_OPTIMIZATION_LEVEL = 0;
				GCC_PREPROCESSOR_DEFINITIONS = (
					"DEBUG=1",
					"$(inherited)",
				);
				GCC_WARN_64_TO_32_BIT_CONVERSION = YES;
				GCC_WARN_ABOUT_RETURN_TYPE = YES_ERROR;
				GCC_WARN_UNDECLARED_SELECTOR = YES;
				GCC_WARN_UNINITIALIZED_AUTOS = YES_AGGRESSIVE;
				GCC_WARN_UNUSED_FUNCTION = YES;
				GCC_WARN_UNUSED_VARIABLE = YES;
				IPHONEOS_DEPLOYMENT_TARGET = 16.0;
				MTL_ENABLE_DEBUG_INFO = INCLUDE_SOURCE;
				MTL_FAST_MATH = YES;
				ONLY_ACTIVE_ARCH = YES;
				SDKROOT = iphoneos;
				SWIFT_ACTIVE_COMPILATION_CONDITIONS = DEBUG;
				SWIFT_OPTIMIZATION_LEVEL = "-Onone";
			};
			name = Debug;
		};
		EF67BA82292B886000CCB864 /* Release */ = {
			isa = XCBuildConfiguration;
			buildSettings = {
				ALWAYS_SEARCH_USER_PATHS = NO;
				CLANG_ANALYZER_NONNULL = YES;
				CLANG_ANALYZER_NUMBER_OBJECT_CONVERSION = YES_AGGRESSIVE;
				CLANG_CXX_LANGUAGE_STANDARD = "gnu++20";
				CLANG_ENABLE_MODULES = YES;
				CLANG_ENABLE_OBJC_ARC = YES;
				CLANG_ENABLE_OBJC_WEAK = YES;
				CLANG_WARN_BLOCK_CAPTURE_AUTORELEASING = YES;
				CLANG_WARN_BOOL_CONVERSION = YES;
				CLANG_WARN_COMMA = YES;
				CLANG_WARN_CONSTANT_CONVERSION = YES;
				CLANG_WARN_DEPRECATED_OBJC_IMPLEMENTATIONS = YES;
				CLANG_WARN_DIRECT_OBJC_ISA_USAGE = YES_ERROR;
				CLANG_WARN_DOCUMENTATION_COMMENTS = YES;
				CLANG_WARN_EMPTY_BODY = YES;
				CLANG_WARN_ENUM_CONVERSION = YES;
				CLANG_WARN_INFINITE_RECURSION = YES;
				CLANG_WARN_INT_CONVERSION = YES;
				CLANG_WARN_NON_LITERAL_NULL_CONVERSION = YES;
				CLANG_WARN_OBJC_IMPLICIT_RETAIN_SELF = YES;
				CLANG_WARN_OBJC_LITERAL_CONVERSION = YES;
				CLANG_WARN_OBJC_ROOT_CLASS = YES_ERROR;
				CLANG_WARN_QUOTED_INCLUDE_IN_FRAMEWORK_HEADER = YES;
				CLANG_WARN_RANGE_LOOP_ANALYSIS = YES;
				CLANG_WARN_STRICT_PROTOTYPES = YES;
				CLANG_WARN_SUSPICIOUS_MOVE = YES;
				CLANG_WARN_UNGUARDED_AVAILABILITY = YES_AGGRESSIVE;
				CLANG_WARN_UNREACHABLE_CODE = YES;
				CLANG_WARN__DUPLICATE_METHOD_MATCH = YES;
				COPY_PHASE_STRIP = NO;
				DEBUG_INFORMATION_FORMAT = "dwarf-with-dsym";
				ENABLE_NS_ASSERTIONS = NO;
				ENABLE_STRICT_OBJC_MSGSEND = YES;
				GCC_C_LANGUAGE_STANDARD = gnu11;
				GCC_NO_COMMON_BLOCKS = YES;
				GCC_WARN_64_TO_32_BIT_CONVERSION = YES;
				GCC_WARN_ABOUT_RETURN_TYPE = YES_ERROR;
				GCC_WARN_UNDECLARED_SELECTOR = YES;
				GCC_WARN_UNINITIALIZED_AUTOS = YES_AGGRESSIVE;
				GCC_WARN_UNUSED_FUNCTION = YES;
				GCC_WARN_UNUSED_VARIABLE = YES;
				IPHONEOS_DEPLOYMENT_TARGET = 16.0;
				MTL_ENABLE_DEBUG_INFO = NO;
				MTL_FAST_MATH = YES;
				SDKROOT = iphoneos;
				SWIFT_COMPILATION_MODE = wholemodule;
				SWIFT_OPTIMIZATION_LEVEL = "-O";
				VALIDATE_PRODUCT = YES;
			};
			name = Release;
		};
		EF67BA84292B886000CCB864 /* Debug */ = {
			isa = XCBuildConfiguration;
			buildSettings = {
				ASSETCATALOG_COMPILER_APPICON_NAME = AppIcon;
				ASSETCATALOG_COMPILER_GLOBAL_ACCENT_COLOR_NAME = AccentColor;
				CODE_SIGN_STYLE = Automatic;
				CURRENT_PROJECT_VERSION = 1;
				DEVELOPMENT_TEAM = 877W3Y5LK2;
				GENERATE_INFOPLIST_FILE = YES;
				INFOPLIST_FILE = uiElements/Info.plist;
				INFOPLIST_KEY_UIApplicationSupportsIndirectInputEvents = YES;
				INFOPLIST_KEY_UILaunchStoryboardName = LaunchScreen;
				INFOPLIST_KEY_UIMainStoryboardFile = "";
				INFOPLIST_KEY_UISupportedInterfaceOrientations_iPad = "UIInterfaceOrientationPortrait UIInterfaceOrientationPortraitUpsideDown UIInterfaceOrientationLandscapeLeft UIInterfaceOrientationLandscapeRight";
				INFOPLIST_KEY_UISupportedInterfaceOrientations_iPhone = "UIInterfaceOrientationPortrait UIInterfaceOrientationLandscapeLeft UIInterfaceOrientationLandscapeRight";
				LD_RUNPATH_SEARCH_PATHS = (
					"$(inherited)",
					"@executable_path/Frameworks",
				);
				MARKETING_VERSION = 1.0;
				PRODUCT_BUNDLE_IDENTIFIER = com.myself.practiseSwiftUI.uiElements;
				PRODUCT_NAME = "$(TARGET_NAME)";
				SUPPORTED_PLATFORMS = "iphoneos iphonesimulator";
				SUPPORTS_MACCATALYST = NO;
				SUPPORTS_MAC_DESIGNED_FOR_IPHONE_IPAD = NO;
				SWIFT_EMIT_LOC_STRINGS = YES;
				SWIFT_VERSION = 5.0;
				TARGETED_DEVICE_FAMILY = 1;
			};
			name = Debug;
		};
		EF67BA85292B886000CCB864 /* Release */ = {
			isa = XCBuildConfiguration;
			buildSettings = {
				ASSETCATALOG_COMPILER_APPICON_NAME = AppIcon;
				ASSETCATALOG_COMPILER_GLOBAL_ACCENT_COLOR_NAME = AccentColor;
				CODE_SIGN_STYLE = Automatic;
				CURRENT_PROJECT_VERSION = 1;
				DEVELOPMENT_TEAM = 877W3Y5LK2;
				GENERATE_INFOPLIST_FILE = YES;
				INFOPLIST_FILE = uiElements/Info.plist;
				INFOPLIST_KEY_UIApplicationSupportsIndirectInputEvents = YES;
				INFOPLIST_KEY_UILaunchStoryboardName = LaunchScreen;
				INFOPLIST_KEY_UIMainStoryboardFile = "";
				INFOPLIST_KEY_UISupportedInterfaceOrientations_iPad = "UIInterfaceOrientationPortrait UIInterfaceOrientationPortraitUpsideDown UIInterfaceOrientationLandscapeLeft UIInterfaceOrientationLandscapeRight";
				INFOPLIST_KEY_UISupportedInterfaceOrientations_iPhone = "UIInterfaceOrientationPortrait UIInterfaceOrientationLandscapeLeft UIInterfaceOrientationLandscapeRight";
				LD_RUNPATH_SEARCH_PATHS = (
					"$(inherited)",
					"@executable_path/Frameworks",
				);
				MARKETING_VERSION = 1.0;
				PRODUCT_BUNDLE_IDENTIFIER = com.myself.practiseSwiftUI.uiElements;
				PRODUCT_NAME = "$(TARGET_NAME)";
				SUPPORTED_PLATFORMS = "iphoneos iphonesimulator";
				SUPPORTS_MACCATALYST = NO;
				SUPPORTS_MAC_DESIGNED_FOR_IPHONE_IPAD = NO;
				SWIFT_EMIT_LOC_STRINGS = YES;
				SWIFT_VERSION = 5.0;
				TARGETED_DEVICE_FAMILY = 1;
			};
			name = Release;
		};
/* End XCBuildConfiguration section */

/* Begin XCConfigurationList section */
		EF67BA6A292B885F00CCB864 /* Build configuration list for PBXProject "uiElements" */ = {
			isa = XCConfigurationList;
			buildConfigurations = (
				EF67BA81292B886000CCB864 /* Debug */,
				EF67BA82292B886000CCB864 /* Release */,
			);
			defaultConfigurationIsVisible = 0;
			defaultConfigurationName = Release;
		};
		EF67BA83292B886000CCB864 /* Build configuration list for PBXNativeTarget "uiElements" */ = {
			isa = XCConfigurationList;
			buildConfigurations = (
				EF67BA84292B886000CCB864 /* Debug */,
				EF67BA85292B886000CCB864 /* Release */,
			);
			defaultConfigurationIsVisible = 0;
			defaultConfigurationName = Release;
		};
/* End XCConfigurationList section */

/* Begin XCRemoteSwiftPackageReference section */
		EF06A3FA2990EFFA003A35D6 /* XCRemoteSwiftPackageReference "SnapKit" */ = {
			isa = XCRemoteSwiftPackageReference;
			repositoryURL = "https://github.com/SnapKit/SnapKit";
			requirement = {
				kind = upToNextMinorVersion;
				minimumVersion = 5.6.0;
			};
		};
/* End XCRemoteSwiftPackageReference section */

/* Begin XCSwiftPackageProductDependency section */
		EF06A3FB2990EFFA003A35D6 /* SnapKit */ = {
			isa = XCSwiftPackageProductDependency;
			package = EF06A3FA2990EFFA003A35D6 /* XCRemoteSwiftPackageReference "SnapKit" */;
			productName = SnapKit;
		};
/* End XCSwiftPackageProductDependency section */
	};
	rootObject = EF67BA67292B885F00CCB864 /* Project object */;
}
